
Microsoft Visual Studio Solution File, Format Version 12.00
# Visual Studio 15
VisualStudioVersion = 15.0.26124.0
MinimumVisualStudioVersion = 15.0.26124.0
Project("{FAE04EC0-301F-11D3-BF4B-00C04F79EFBC}") = "Lib", "Lib\Lib.csproj", "{C040E771-B3D9-4D8E-80D9-B3316AFB23EC}"
EndProject
Project("{FAE04EC0-301F-11D3-BF4B-00C04F79EFBC}") = "Lib.Tests", "Lib.Tests\Lib.Tests.csproj", "{C8E32D99-D8B9-48CE-B096-530852773288}"
EndProject
Global
	GlobalSection(SolutionConfigurationPlatforms) = preSolution
		Debug|Any CPU = Debug|Any CPU
		Debug|x64 = Debug|x64
		Debug|x86 = Debug|x86
		Release|Any CPU = Release|Any CPU
		Release|x64 = Release|x64
		Release|x86 = Release|x86
	EndGlobalSection
	GlobalSection(SolutionProperties) = preSolution
		HideSolutionNode = FALSE
	EndGlobalSection
	GlobalSection(ProjectConfigurationPlatforms) = postSolution
		{C040E771-B3D9-4D8E-80D9-B3316AFB23EC}.Debug|Any CPU.ActiveCfg = Debug|Any CPU
		{C040E771-B3D9-4D8E-80D9-B3316AFB23EC}.Debug|Any CPU.Build.0 = Debug|Any CPU
		{C040E771-B3D9-4D8E-80D9-B3316AFB23EC}.Debug|x64.ActiveCfg = Debug|Any CPU
		{C040E771-B3D9-4D8E-80D9-B3316AFB23EC}.Debug|x64.Build.0 = Debug|Any CPU
		{C040E771-B3D9-4D8E-80D9-B3316AFB23EC}.Debug|x86.ActiveCfg = Debug|Any CPU
		{C040E771-B3D9-4D8E-80D9-B3316AFB23EC}.Debug|x86.Build.0 = Debug|Any CPU
		{C040E771-B3D9-4D8E-80D9-B3316AFB23EC}.Release|Any CPU.ActiveCfg = Release|Any CPU
		{C040E771-B3D9-4D8E-80D9-B3316AFB23EC}.Release|Any CPU.Build.0 = Release|Any CPU
		{C040E771-B3D9-4D8E-80D9-B3316AFB23EC}.Release|x64.ActiveCfg = Release|Any CPU
		{C040E771-B3D9-4D8E-80D9-B3316AFB23EC}.Release|x64.Build.0 = Release|Any CPU
		{C040E771-B3D9-4D8E-80D9-B3316AFB23EC}.Release|x86.ActiveCfg = Release|Any CPU
		{C040E771-B3D9-4D8E-80D9-B3316AFB23EC}.Release|x86.Build.0 = Release|Any CPU
		{C8E32D99-D8B9-48CE-B096-530852773288}.Debug|Any CPU.ActiveCfg = Debug|Any CPU
		{C8E32D99-D8B9-48CE-B096-530852773288}.Debug|Any CPU.Build.0 = Debug|Any CPU
		{C8E32D99-D8B9-48CE-B096-530852773288}.Debug|x64.ActiveCfg = Debug|Any CPU
		{C8E32D99-D8B9-48CE-B096-530852773288}.Debug|x64.Build.0 = Debug|Any CPU
		{C8E32D99-D8B9-48CE-B096-530852773288}.Debug|x86.ActiveCfg = Debug|Any CPU
		{C8E32D99-D8B9-48CE-B096-530852773288}.Debug|x86.Build.0 = Debug|Any CPU
		{C8E32D99-D8B9-48CE-B096-530852773288}.Release|Any CPU.ActiveCfg = Release|Any CPU
		{C8E32D99-D8B9-48CE-B096-530852773288}.Release|Any CPU.Build.0 = Release|Any CPU
		{C8E32D99-D8B9-48CE-B096-530852773288}.Release|x64.ActiveCfg = Release|Any CPU
		{C8E32D99-D8B9-48CE-B096-530852773288}.Release|x64.Build.0 = Release|Any CPU
		{C8E32D99-D8B9-48CE-B096-530852773288}.Release|x86.ActiveCfg = Release|Any CPU
		{C8E32D99-D8B9-48CE-B096-530852773288}.Release|x86.Build.0 = Release|Any CPU
	EndGlobalSection
EndGlobal
